
Microsoft Visual Studio Solution File, Format Version 12.00
# Visual Studio Version 17
VisualStudioVersion = 17.4.33103.184
MinimumVisualStudioVersion = 10.0.40219.1
Project("{FAE04EC0-301F-11D3-BF4B-00C04F79EFBC}") = "LinqClassExercise001", "LinqClassExercise001\LinqClassExercise001.csproj", "{75C89DE3-B1F2-4FD4-B371-F436B7B552BC}"
EndProject
Project("{FAE04EC0-301F-11D3-BF4B-00C04F79EFBC}") = "LinqClassExercise002", "LinqClassExercise002\LinqClassExercise002.csproj", "{4B03FD94-208F-4815-85D4-D029E3301D02}"
EndProject
Project("{FAE04EC0-301F-11D3-BF4B-00C04F79EFBC}") = "LinqClassExercise003", "LinqClassExercise003\LinqClassExercise003.csproj", "{E237EDB8-8E5C-4AFE-8C3E-8F3B92691FDD}"
EndProject
Global
	GlobalSection(SolutionConfigurationPlatforms) = preSolution
		Debug|Any CPU = Debug|Any CPU
		Release|Any CPU = Release|Any CPU
	EndGlobalSection
	GlobalSection(ProjectConfigurationPlatforms) = postSolution
		{75C89DE3-B1F2-4FD4-B371-F436B7B552BC}.Debug|Any CPU.ActiveCfg = Debug|Any CPU
		{75C89DE3-B1F2-4FD4-B371-F436B7B552BC}.Debug|Any CPU.Build.0 = Debug|Any CPU
		{75C89DE3-B1F2-4FD4-B371-F436B7B552BC}.Release|Any CPU.ActiveCfg = Release|Any CPU
		{75C89DE3-B1F2-4FD4-B371-F436B7B552BC}.Release|Any CPU.Build.0 = Release|Any CPU
		{4B03FD94-208F-4815-85D4-D029E3301D02}.Debug|Any CPU.ActiveCfg = Debug|Any CPU
		{4B03FD94-208F-4815-85D4-D029E3301D02}.Debug|Any CPU.Build.0 = Debug|Any CPU
		{4B03FD94-208F-4815-85D4-D029E3301D02}.Release|Any CPU.ActiveCfg = Release|Any CPU
		{4B03FD94-208F-4815-85D4-D029E3301D02}.Release|Any CPU.Build.0 = Release|Any CPU
		{E237EDB8-8E5C-4AFE-8C3E-8F3B92691FDD}.Debug|Any CPU.ActiveCfg = Debug|Any CPU
		{E237EDB8-8E5C-4AFE-8C3E-8F3B92691FDD}.Debug|Any CPU.Build.0 = Debug|Any CPU
		{E237EDB8-8E5C-4AFE-8C3E-8F3B92691FDD}.Release|Any CPU.ActiveCfg = Release|Any CPU
		{E237EDB8-8E5C-4AFE-8C3E-8F3B92691FDD}.Release|Any CPU.Build.0 = Release|Any CPU
	EndGlobalSection
	GlobalSection(SolutionProperties) = preSolution
		HideSolutionNode = FALSE
	EndGlobalSection
	GlobalSection(ExtensibilityGlobals) = postSolution
		SolutionGuid = {D9DAC1BD-BE30-4266-8F7D-45C2BCADB329}
	EndGlobalSection
EndGlobal
